
Microsoft Visual Studio Solution File, Format Version 12.00
# Visual Studio 15
VisualStudioVersion = 15.0.26430.14
MinimumVisualStudioVersion = 10.0.40219.1
Project("{FAE04EC0-301F-11D3-BF4B-00C04F79EFBC}") = "MyLucene.Net", "MyLucene.Net\MyLucene.Net.csproj", "{D7E5FBFD-C5D3-4DBE-A82B-45244C69F8CD}"
EndProject
Global
	GlobalSection(SolutionConfigurationPlatforms) = preSolution
		Debug|Any CPU = Debug|Any CPU
		Release|Any CPU = Release|Any CPU
	EndGlobalSection
	GlobalSection(ProjectConfigurationPlatforms) = postSolution
		{D7E5FBFD-C5D3-4DBE-A82B-45244C69F8CD}.Debug|Any CPU.ActiveCfg = Debug|Any CPU
		{D7E5FBFD-C5D3-4DBE-A82B-45244C69F8CD}.Debug|Any CPU.Build.0 = Debug|Any CPU
		{D7E5FBFD-C5D3-4DBE-A82B-45244C69F8CD}.Release|Any CPU.ActiveCfg = Release|Any CPU
		{D7E5FBFD-C5D3-4DBE-A82B-45244C69F8CD}.Release|Any CPU.Build.0 = Release|Any CPU
	EndGlobalSection
	GlobalSection(SolutionProperties) = preSolution
		HideSolutionNode = FALSE
	EndGlobalSection
EndGlobal
